PODS:
  - AFNetworking (4.0.1):
    - AFNetworking/NSURLSession (= 4.0.1)
    - AFNetworking/Reachability (= 4.0.1)
    - AFNetworking/Security (= 4.0.1)
    - AFNetworking/Serialization (= 4.0.1)
    - AFNetworking/UIKit (= 4.0.1)
  - AFNetworking/NSURLSession (4.0.1):
    - AFNetworking/Reachability
    - AFNetworking/Security
    - AFNetworking/Serialization
  - AFNetworking/Reachability (4.0.1)
  - AFNetworking/Security (4.0.1)
  - AFNetworking/Serialization (4.0.1)
  - AFNetworking/UIKit (4.0.1):
    - AFNetworking/NSURLSession
  - MMKV (1.0.24)

DEPENDENCIES:
  - AFNetworking
  - MMKV (= 1.0.24)

SPEC REPOS:
  trunk:
    - AFNetworking
    - MMKV

SPEC CHECKSUMS:
  AFNetworking: 3bd23d814e976cd148d7d44c3ab78017b744cd58
  MMKV: 758b2edee46b08bdd958db4169191afb9a6d4ebd

PODFILE CHECKSUM: 1b02f08faee4491d686f0ddc27798411a26c4048

COCOAPODS: 1.15.2
